
Microsoft Visual Studio Solution File, Format Version 12.00
# Visual Studio Version 16
VisualStudioVersion = 25.0.1705.6
MinimumVisualStudioVersion = 10.0.40219.1
Project("{FAE04EC0-301F-11D3-BF4B-00C04F79EFBC}") = "CincinnoView", "CincinnoView\CincinnoView.csproj", "{DB8228F7-607E-4F9F-B3C1-EFFD73468EE9}"
EndProject
Global
	GlobalSection(SolutionConfigurationPlatforms) = preSolution
		Debug|Any CPU = Debug|Any CPU
		Release|Any CPU = Release|Any CPU
	EndGlobalSection
	GlobalSection(ProjectConfigurationPlatforms) = postSolution
		{DB8228F7-607E-4F9F-B3C1-EFFD73468EE9}.Debug|Any CPU.ActiveCfg = Debug|Any CPU
		{DB8228F7-607E-4F9F-B3C1-EFFD73468EE9}.Debug|Any CPU.Build.0 = Debug|Any CPU
		{DB8228F7-607E-4F9F-B3C1-EFFD73468EE9}.Release|Any CPU.ActiveCfg = Release|Any CPU
		{DB8228F7-607E-4F9F-B3C1-EFFD73468EE9}.Release|Any CPU.Build.0 = Release|Any CPU
	EndGlobalSection
	GlobalSection(SolutionProperties) = preSolution
		HideSolutionNode = FALSE
	EndGlobalSection
	GlobalSection(ExtensibilityGlobals) = postSolution
		SolutionGuid = {02324771-C904-4BAC-87BC-8D66301479F2}
	EndGlobalSection
EndGlobal
